// !$*UTF8*$!
{
	archiveVersion = 1;
	classes = {
	};
	objectVersion = 55;
	objects = {

/* Begin PBXBuildFile section */
		99574B79286DFA0000773E3E /* TesteView.swift in Sources */ = {isa = PBXBuildFile; fileRef = 99574B78286DFA0000773E3E /* TesteView.swift */; };
		9979E50C286B480E009355D2 /* PlaceView.swift in Sources */ = {isa = PBXBuildFile; fileRef = 9979E50B286B480E009355D2 /* PlaceView.swift */; };
		998DCDCE2861F76700D574D0 /* SwiftUIAPICallsApp.swift in Sources */ = {isa = PBXBuildFile; fileRef = 998DCDCD2861F76700D574D0 /* SwiftUIAPICallsApp.swift */; };
		998DCDD02861F76700D574D0 /* ContentView.swift in Sources */ = {isa = PBXBuildFile; fileRef = 998DCDCF2861F76700D574D0 /* ContentView.swift */; };
		998DCDD22861F76900D574D0 /* Assets.xcassets in Resources */ = {isa = PBXBuildFile; fileRef = 998DCDD12861F76900D574D0 /* Assets.xcassets */; };
		998DCDD52861F76900D574D0 /* Preview Assets.xcassets in Resources */ = {isa = PBXBuildFile; fileRef = 998DCDD42861F76900D574D0 /* Preview Assets.xcassets */; };
		998DCDDC2862226300D574D0 /* ViewModel.swift in Sources */ = {isa = PBXBuildFile; fileRef = 998DCDDB2862226300D574D0 /* ViewModel.swift */; };
		998DCDDF2862867400D574D0 /* RatingView.swift in Sources */ = {isa = PBXBuildFile; fileRef = 998DCDDE2862867400D574D0 /* RatingView.swift */; };
		998DE4042869FAD900438682 /* PlaceAPI.swift in Sources */ = {isa = PBXBuildFile; fileRef = 998DE4032869FAD900438682 /* PlaceAPI.swift */; };
/* End PBXBuildFile section */

/* Begin PBXFileReference section */
		99574B78286DFA0000773E3E /* TesteView.swift */ = {isa = PBXFileReference; lastKnownFileType = sourcecode.swift; path = TesteView.swift; sourceTree = "<group>"; };
		9979E50B286B480E009355D2 /* PlaceView.swift */ = {isa = PBXFileReference; lastKnownFileType = sourcecode.swift; path = PlaceView.swift; sourceTree = "<group>"; };
		998DCDCA2861F76700D574D0 /* SwiftUIAPICalls.app */ = {isa = PBXFileReference; explicitFileType = wrapper.application; includeInIndex = 0; path = SwiftUIAPICalls.app; sourceTree = BUILT_PRODUCTS_DIR; };
		998DCDCD2861F76700D574D0 /* SwiftUIAPICallsApp.swift */ = {isa = PBXFileReference; lastKnownFileType = sourcecode.swift; path = SwiftUIAPICallsApp.swift; sourceTree = "<group>"; };
		998DCDCF2861F76700D574D0 /* ContentView.swift */ = {isa = PBXFileReference; lastKnownFileType = sourcecode.swift; path = ContentView.swift; sourceTree = "<group>"; };
		998DCDD12861F76900D574D0 /* Assets.xcassets */ = {isa = PBXFileReference; lastKnownFileType = folder.assetcatalog; path = Assets.xcassets; sourceTree = "<group>"; };
		998DCDD42861F76900D574D0 /* Preview Assets.xcassets */ = {isa = PBXFileReference; lastKnownFileType = folder.assetcatalog; path = "Preview Assets.xcassets"; sourceTree = "<group>"; };
		998DCDDB2862226300D574D0 /* ViewModel.swift */ = {isa = PBXFileReference; lastKnownFileType = sourcecode.swift; path = ViewModel.swift; sourceTree = "<group>"; };
		998DCDDE2862867400D574D0 /* RatingView.swift */ = {isa = PBXFileReference; lastKnownFileType = sourcecode.swift; path = RatingView.swift; sourceTree = "<group>"; };
		998DE4032869FAD900438682 /* PlaceAPI.swift */ = {isa = PBXFileReference; lastKnownFileType = sourcecode.swift; path = PlaceAPI.swift; sourceTree = "<group>"; };
/* End PBXFileReference section */

/* Begin PBXFrameworksBuildPhase section */
		998DCDC72861F76700D574D0 /* Frameworks */ = {
			isa = PBXFrameworksBuildPhase;
			buildActionMask = 2147483647;
			files = (
			);
			runOnlyForDeploymentPostprocessing = 0;
		};
/* End PBXFrameworksBuildPhase section */

/* Begin PBXGroup section */
		998DCDC12861F76700D574D0 = {
			isa = PBXGroup;
			children = (
				998DCDCC2861F76700D574D0 /* SwiftUIAPICalls */,
				998DCDCB2861F76700D574D0 /* Products */,
			);
			sourceTree = "<group>";
		};
		998DCDCB2861F76700D574D0 /* Products */ = {
			isa = PBXGroup;
			children = (
				998DCDCA2861F76700D574D0 /* SwiftUIAPICalls.app */,
			);
			name = Products;
			sourceTree = "<group>";
		};
		998DCDCC2861F76700D574D0 /* SwiftUIAPICalls */ = {
			isa = PBXGroup;
			children = (
				998DCDDD286281AE00D574D0 /* APIMODEL */,
				99FF2D692862B48700BEAB8D /* VIEW */,
				998DCDCF2861F76700D574D0 /* ContentView.swift */,
				998DCDDE2862867400D574D0 /* RatingView.swift */,
				998DCDD32861F76900D574D0 /* Preview Content */,
			);
			path = SwiftUIAPICalls;
			sourceTree = "<group>";
		};
		998DCDD32861F76900D574D0 /* Preview Content */ = {
			isa = PBXGroup;
			children = (
				998DCDD12861F76900D574D0 /* Assets.xcassets */,
				998DCDD42861F76900D574D0 /* Preview Assets.xcassets */,
			);
			path = "Preview Content";
			sourceTree = "<group>";
		};
		998DCDDD286281AE00D574D0 /* APIMODEL */ = {
			isa = PBXGroup;
			children = (
				998DCDCD2861F76700D574D0 /* SwiftUIAPICallsApp.swift */,
				998DCDDB2862226300D574D0 /* ViewModel.swift */,
				998DE4032869FAD900438682 /* PlaceAPI.swift */,
			);
			path = APIMODEL;
			sourceTree = "<group>";
		};
		99FF2D692862B48700BEAB8D /* VIEW */ = {
			isa = PBXGroup;
			children = (
				9979E50B286B480E009355D2 /* PlaceView.swift */,
				99574B78286DFA0000773E3E /* TesteView.swift */,
			);
			path = VIEW;
			sourceTree = "<group>";
		};
/* End PBXGroup section */

/* Begin PBXNativeTarget section */
		998DCDC92861F76700D574D0 /* SwiftUIAPICalls */ = {
			isa = PBXNativeTarget;
			buildConfigurationList = 998DCDD82861F76900D574D0 /* Build configuration list for PBXNativeTarget "SwiftUIAPICalls" */;
			buildPhases = (
				998DCDC62861F76700D574D0 /* Sources */,
				998DCDC72861F76700D574D0 /* Frameworks */,
				998DCDC82861F76700D574D0 /* Resources */,
			);
			buildRules = (
			);
			dependencies = (
			);
			name = SwiftUIAPICalls;
			productName = SwiftUIAPICalls;
			productReference = 998DCDCA2861F76700D574D0 /* SwiftUIAPICalls.app */;
			productType = "com.apple.product-type.application";
		};
/* End PBXNativeTarget section */

/* Begin PBXProject section */
		998DCDC22861F76700D574D0 /* Project object */ = {
			isa = PBXProject;
			attributes = {
				BuildIndependentTargetsInParallel = 1;
				LastSwiftUpdateCheck = 1340;
				LastUpgradeCheck = 1340;
				TargetAttributes = {
					998DCDC92861F76700D574D0 = {
						CreatedOnToolsVersion = 13.4.1;
					};
				};
			};
			buildConfigurationList = 998DCDC52861F76700D574D0 /* Build configuration list for PBXProject "SwiftUIAPICalls" */;
			compatibilityVersion = "Xcode 13.0";
			developmentRegion = en;
			hasScannedForEncodings = 0;
			knownRegions = (
				en,
				Base,
			);
			mainGroup = 998DCDC12861F76700D574D0;
			productRefGroup = 998DCDCB2861F76700D574D0 /* Products */;
			projectDirPath = "";
			projectRoot = "";
			targets = (
				998DCDC92861F76700D574D0 /* SwiftUIAPICalls */,
			);
		};
/* End PBXProject section */

/* Begin PBXResourcesBuildPhase section */
		998DCDC82861F76700D574D0 /* Resources */ = {
			isa = PBXResourcesBuildPhase;
			buildActionMask = 2147483647;
			files = (
				998DCDD52861F76900D574D0 /* Preview Assets.xcassets in Resources */,
				998DCDD22861F76900D574D0 /* Assets.xcassets in Resources */,
			);
			runOnlyForDeploymentPostprocessing = 0;
		};
/* End PBXResourcesBuildPhase section */

/* Begin PBXSourcesBuildPhase section */
		998DCDC62861F76700D574D0 /* Sources */ = {
			isa = PBXSourcesBuildPhase;
			buildActionMask = 2147483647;
			files = (
				9979E50C286B480E009355D2 /* PlaceView.swift in Sources */,
				998DCDD02861F76700D574D0 /* ContentView.swift in Sources */,
				998DCDDC2862226300D574D0 /* ViewModel.swift in Sources */,
				99574B79286DFA0000773E3E /* TesteView.swift in Sources */,
				998DCDCE2861F76700D574D0 /* SwiftUIAPICallsApp.swift in Sources */,
				998DCDDF2862867400D574D0 /* RatingView.swift in Sources */,
				998DE4042869FAD900438682 /* PlaceAPI.swift in Sources */,
			);
			runOnlyForDeploymentPostprocessing = 0;
		};
/* End PBXSourcesBuildPhase section */

/* Begin XCBuildConfiguration section */
		998DCDD62861F76900D574D0 /* Debug */ = {
			isa = XCBuildConfiguration;
			buildSettings = {
				ALWAYS_SEARCH_USER_PATHS = NO;
				CLANG_ANALYZER_NONNULL = YES;
				CLANG_ANALYZER_NUMBER_OBJECT_CONVERSION = YES_AGGRESSIVE;
				CLANG_CXX_LANGUAGE_STANDARD = "gnu++17";
				CLANG_ENABLE_MODULES = YES;
				CLANG_ENABLE_OBJC_ARC = YES;
				CLANG_ENABLE_OBJC_WEAK = YES;
				CLANG_WARN_BLOCK_CAPTURE_AUTORELEASING = YES;
				CLANG_WARN_BOOL_CONVERSION = YES;
				CLANG_WARN_COMMA = YES;
				CLANG_WARN_CONSTANT_CONVERSION = YES;
				CLANG_WARN_DEPRECATED_OBJC_IMPLEMENTATIONS = YES;
				CLANG_WARN_DIRECT_OBJC_ISA_USAGE = YES_ERROR;
				CLANG_WARN_DOCUMENTATION_COMMENTS = YES;
				CLANG_WARN_EMPTY_BODY = YES;
				CLANG_WARN_ENUM_CONVERSION = YES;
				CLANG_WARN_INFINITE_RECURSION = YES;
				CLANG_WARN_INT_CONVERSION = YES;
				CLANG_WARN_NON_LITERAL_NULL_CONVERSION = YES;
				CLANG_WARN_OBJC_IMPLICIT_RETAIN_SELF = YES;
				CLANG_WARN_OBJC_LITERAL_CONVERSION = YES;
				CLANG_WARN_OBJC_ROOT_CLASS = YES_ERROR;
				CLANG_WARN_QUOTED_INCLUDE_IN_FRAMEWORK_HEADER = YES;
				CLANG_WARN_RANGE_LOOP_ANALYSIS = YES;
				CLANG_WARN_STRICT_PROTOTYPES = YES;
				CLANG_WARN_SUSPICIOUS_MOVE = YES;
				CLANG_WARN_UNGUARDED_AVAILABILITY = YES_AGGRESSIVE;
				CLANG_WARN_UNREACHABLE_CODE = YES;
				CLANG_WARN__DUPLICATE_METHOD_MATCH = YES;
				COPY_PHASE_STRIP = NO;
				DEBUG_INFORMATION_FORMAT = dwarf;
				ENABLE_STRICT_OBJC_MSGSEND = YES;
				ENABLE_TESTABILITY = YES;
				GCC_C_LANGUAGE_STANDARD = gnu11;
				GCC_DYNAMIC_NO_PIC = NO;
				GCC_NO_COMMON_BLOCKS = YES;
				GCC_OPTIMIZATION_LEVEL = 0;
				GCC_PREPROCESSOR_DEFINITIONS = (
					"DEBUG=1",
					"$(inherited)",
				);
				GCC_WARN_64_TO_32_BIT_CONVERSION = YES;
				GCC_WARN_ABOUT_RETURN_TYPE = YES_ERROR;
				GCC_WARN_UNDECLARED_SELECTOR = YES;
				GCC_WARN_UNINITIALIZED_AUTOS = YES_AGGRESSIVE;
				GCC_WARN_UNUSED_FUNCTION = YES;
				GCC_WARN_UNUSED_VARIABLE = YES;
				IPHONEOS_DEPLOYMENT_TARGET = 15.5;
				MTL_ENABLE_DEBUG_INFO = INCLUDE_SOURCE;
				MTL_FAST_MATH = YES;
				ONLY_ACTIVE_ARCH = YES;
				SDKROOT = iphoneos;
				SWIFT_ACTIVE_COMPILATION_CONDITIONS = DEBUG;
				SWIFT_OPTIMIZATION_LEVEL = "-Onone";
			};
			name = Debug;
		};
		998DCDD72861F76900D574D0 /* Release */ = {
			isa = XCBuildConfiguration;
			buildSettings = {
				ALWAYS_SEARCH_USER_PATHS = NO;
				CLANG_ANALYZER_NONNULL = YES;
				CLANG_ANALYZER_NUMBER_OBJECT_CONVERSION = YES_AGGRESSIVE;
				CLANG_CXX_LANGUAGE_STANDARD = "gnu++17";
				CLANG_ENABLE_MODULES = YES;
				CLANG_ENABLE_OBJC_ARC = YES;
				CLANG_ENABLE_OBJC_WEAK = YES;
				CLANG_WARN_BLOCK_CAPTURE_AUTORELEASING = YES;
				CLANG_WARN_BOOL_CONVERSION = YES;
				CLANG_WARN_COMMA = YES;
				CLANG_WARN_CONSTANT_CONVERSION = YES;
				CLANG_WARN_DEPRECATED_OBJC_IMPLEMENTATIONS = YES;
				CLANG_WARN_DIRECT_OBJC_ISA_USAGE = YES_ERROR;
				CLANG_WARN_DOCUMENTATION_COMMENTS = YES;
				CLANG_WARN_EMPTY_BODY = YES;
				CLANG_WARN_ENUM_CONVERSION = YES;
				CLANG_WARN_INFINITE_RECURSION = YES;
				CLANG_WARN_INT_CONVERSION = YES;
				CLANG_WARN_NON_LITERAL_NULL_CONVERSION = YES;
				CLANG_WARN_OBJC_IMPLICIT_RETAIN_SELF = YES;
				CLANG_WARN_OBJC_LITERAL_CONVERSION = YES;
				CLANG_WARN_OBJC_ROOT_CLASS = YES_ERROR;
				CLANG_WARN_QUOTED_INCLUDE_IN_FRAMEWORK_HEADER = YES;
				CLANG_WARN_RANGE_LOOP_ANALYSIS = YES;
				CLANG_WARN_STRICT_PROTOTYPES = YES;
				CLANG_WARN_SUSPICIOUS_MOVE = YES;
				CLANG_WARN_UNGUARDED_AVAILABILITY = YES_AGGRESSIVE;
				CLANG_WARN_UNREACHABLE_CODE = YES;
				CLANG_WARN__DUPLICATE_METHOD_MATCH = YES;
				COPY_PHASE_STRIP = NO;
				DEBUG_INFORMATION_FORMAT = "dwarf-with-dsym";
				ENABLE_NS_ASSERTIONS = NO;
				ENABLE_STRICT_OBJC_MSGSEND = YES;
				GCC_C_LANGUAGE_STANDARD = gnu11;
				GCC_NO_COMMON_BLOCKS = YES;
				GCC_WARN_64_TO_32_BIT_CONVERSION = YES;
				GCC_WARN_ABOUT_RETURN_TYPE = YES_ERROR;
				GCC_WARN_UNDECLARED_SELECTOR = YES;
				GCC_WARN_UNINITIALIZED_AUTOS = YES_AGGRESSIVE;
				GCC_WARN_UNUSED_FUNCTION = YES;
				GCC_WARN_UNUSED_VARIABLE = YES;
				IPHONEOS_DEPLOYMENT_TARGET = 15.5;
				MTL_ENABLE_DEBUG_INFO = NO;
				MTL_FAST_MATH = YES;
				SDKROOT = iphoneos;
				SWIFT_COMPILATION_MODE = wholemodule;
				SWIFT_OPTIMIZATION_LEVEL = "-O";
				VALIDATE_PRODUCT = YES;
			};
			name = Release;
		};
		998DCDD92861F76900D574D0 /* Debug */ = {
			isa = XCBuildConfiguration;
			buildSettings = {
				ASSETCATALOG_COMPILER_APPICON_NAME = AppIcon;
				ASSETCATALOG_COMPILER_GLOBAL_ACCENT_COLOR_NAME = AccentColor;
				CODE_SIGN_STYLE = Automatic;
				CURRENT_PROJECT_VERSION = 1;
				DEVELOPMENT_ASSET_PATHS = "\"SwiftUIAPICalls/Preview Content\"";
				ENABLE_PREVIEWS = YES;
				GENERATE_INFOPLIST_FILE = YES;
				INFOPLIST_KEY_UIApplicationSceneManifest_Generation = YES;
				INFOPLIST_KEY_UIApplicationSupportsIndirectInputEvents = YES;
				INFOPLIST_KEY_UILaunchScreen_Generation = YES;
				INFOPLIST_KEY_UISupportedInterfaceOrientations_iPad = "UIInterfaceOrientationPortrait UIInterfaceOrientationPortraitUpsideDown UIInterfaceOrientationLandscapeLeft UIInterfaceOrientationLandscapeRight";
				INFOPLIST_KEY_UISupportedInterfaceOrientations_iPhone = "UIInterfaceOrientationPortrait UIInterfaceOrientationLandscapeLeft UIInterfaceOrientationLandscapeRight";
				LD_RUNPATH_SEARCH_PATHS = (
					"$(inherited)",
					"@executable_path/Frameworks",
				);
				MARKETING_VERSION = 1.0;
				PRODUCT_BUNDLE_IDENTIFIER = IOS.SwiftUIAPICalls;
				PRODUCT_NAME = "$(TARGET_NAME)";
				SWIFT_EMIT_LOC_STRINGS = YES;
				SWIFT_VERSION = 5.0;
				TARGETED_DEVICE_FAMILY = "1,2";
			};
			name = Debug;
		};
		998DCDDA2861F76900D574D0 /* Release */ = {
			isa = XCBuildConfiguration;
			buildSettings = {
				ASSETCATALOG_COMPILER_APPICON_NAME = AppIcon;
				ASSETCATALOG_COMPILER_GLOBAL_ACCENT_COLOR_NAME = AccentColor;
				CODE_SIGN_STYLE = Automatic;
				CURRENT_PROJECT_VERSION = 1;
				DEVELOPMENT_ASSET_PATHS = "\"SwiftUIAPICalls/Preview Content\"";
				ENABLE_PREVIEWS = YES;
				GENERATE_INFOPLIST_FILE = YES;
				INFOPLIST_KEY_UIApplicationSceneManifest_Generation = YES;
				INFOPLIST_KEY_UIApplicationSupportsIndirectInputEvents = YES;
				INFOPLIST_KEY_UILaunchScreen_Generation = YES;
				INFOPLIST_KEY_UISupportedInterfaceOrientations_iPad = "UIInterfaceOrientationPortrait UIInterfaceOrientationPortraitUpsideDown UIInterfaceOrientationLandscapeLeft UIInterfaceOrientationLandscapeRight";
				INFOPLIST_KEY_UISupportedInterfaceOrientations_iPhone = "UIInterfaceOrientationPortrait UIInterfaceOrientationLandscapeLeft UIInterfaceOrientationLandscapeRight";
				LD_RUNPATH_SEARCH_PATHS = (
					"$(inherited)",
					"@executable_path/Frameworks",
				);
				MARKETING_VERSION = 1.0;
				PRODUCT_BUNDLE_IDENTIFIER = IOS.SwiftUIAPICalls;
				PRODUCT_NAME = "$(TARGET_NAME)";
				SWIFT_EMIT_LOC_STRINGS = YES;
				SWIFT_VERSION = 5.0;
				TARGETED_DEVICE_FAMILY = "1,2";
			};
			name = Release;
		};
/* End XCBuildConfiguration section */

/* Begin XCConfigurationList section */
		998DCDC52861F76700D574D0 /* Build configuration list for PBXProject "SwiftUIAPICalls" */ = {
			isa = XCConfigurationList;
			buildConfigurations = (
				998DCDD62861F76900D574D0 /* Debug */,
				998DCDD72861F76900D574D0 /* Release */,
			);
			defaultConfigurationIsVisible = 0;
			defaultConfigurationName = Release;
		};
		998DCDD82861F76900D574D0 /* Build configuration list for PBXNativeTarget "SwiftUIAPICalls" */ = {
			isa = XCConfigurationList;
			buildConfigurations = (
				998DCDD92861F76900D574D0 /* Debug */,
				998DCDDA2861F76900D574D0 /* Release */,
			);
			defaultConfigurationIsVisible = 0;
			defaultConfigurationName = Release;
		};
/* End XCConfigurationList section */
	};
	rootObject = 998DCDC22861F76700D574D0 /* Project object */;
}
